// !$*UTF8*$!
{
	archiveVersion = 1;
	classes = {
	};
	objectVersion = 56;
	objects = {

/* Begin PBXBuildFile section */
		B13CF5B62920FCE20043C750 /* Color.swift in Sources */ = {isa = PBXBuildFile; fileRef = B13CF5B52920FCE20043C750 /* Color.swift */; };
		B1B4312229201B910094E1A6 /* CreateTask.swift in Sources */ = {isa = PBXBuildFile; fileRef = B1B4312129201B910094E1A6 /* CreateTask.swift */; };
		B1CE742D291FEED6002C7086 /* DroptickApp.swift in Sources */ = {isa = PBXBuildFile; fileRef = B1CE742C291FEED6002C7086 /* DroptickApp.swift */; };
		B1CE742F291FEED6002C7086 /* Persistence.swift in Sources */ = {isa = PBXBuildFile; fileRef = B1CE742E291FEED6002C7086 /* Persistence.swift */; };
		B1CE7432291FEED6002C7086 /* Droptick.xcdatamodeld in Sources */ = {isa = PBXBuildFile; fileRef = B1CE7430291FEED6002C7086 /* Droptick.xcdatamodeld */; };
		B1CE7434291FEED6002C7086 /* ContentView.swift in Sources */ = {isa = PBXBuildFile; fileRef = B1CE7433291FEED6002C7086 /* ContentView.swift */; };
		B1CE7436291FEED8002C7086 /* Assets.xcassets in Resources */ = {isa = PBXBuildFile; fileRef = B1CE7435291FEED8002C7086 /* Assets.xcassets */; };
		B1CE743A291FEED8002C7086 /* Preview Assets.xcassets in Resources */ = {isa = PBXBuildFile; fileRef = B1CE7439291FEED8002C7086 /* Preview Assets.xcassets */; };
		B1CE7444291FEED9002C7086 /* DroptickTests.swift in Sources */ = {isa = PBXBuildFile; fileRef = B1CE7443291FEED9002C7086 /* DroptickTests.swift */; };
		B1CE744E291FEED9002C7086 /* DroptickUITests.swift in Sources */ = {isa = PBXBuildFile; fileRef = B1CE744D291FEED9002C7086 /* DroptickUITests.swift */; };
		B1CE7450291FEED9002C7086 /* DroptickUITestsLaunchTests.swift in Sources */ = {isa = PBXBuildFile; fileRef = B1CE744F291FEED9002C7086 /* DroptickUITestsLaunchTests.swift */; };
		B1CE745D291FEFC4002C7086 /* TimeTracker+Model.swift in Sources */ = {isa = PBXBuildFile; fileRef = B1CE745C291FEFC4002C7086 /* TimeTracker+Model.swift */; };
		B1CE7461291FF096002C7086 /* TimeTracker+ViewModel.swift in Sources */ = {isa = PBXBuildFile; fileRef = B1CE7460291FF096002C7086 /* TimeTracker+ViewModel.swift */; };
		B1CE7464291FFD17002C7086 /* TasksList.swift in Sources */ = {isa = PBXBuildFile; fileRef = B1CE7463291FFD17002C7086 /* TasksList.swift */; };
		B1CE746A291FFF49002C7086 /* ControlBar.swift in Sources */ = {isa = PBXBuildFile; fileRef = B1CE7469291FFF49002C7086 /* ControlBar.swift */; };
		B1CE746D291FFFEB002C7086 /* ButtonStyles.swift in Sources */ = {isa = PBXBuildFile; fileRef = B1CE746C291FFFEB002C7086 /* ButtonStyles.swift */; };
		B1CE746F2920018A002C7086 /* TimeStats.swift in Sources */ = {isa = PBXBuildFile; fileRef = B1CE746E2920018A002C7086 /* TimeStats.swift */; };
		B1CE7471292001DF002C7086 /* TimeConverter.swift in Sources */ = {isa = PBXBuildFile; fileRef = B1CE7470292001DF002C7086 /* TimeConverter.swift */; };
		B1DFD5C42920250F00F6CCD2 /* TimeInputView.swift in Sources */ = {isa = PBXBuildFile; fileRef = B1DFD5C32920250F00F6CCD2 /* TimeInputView.swift */; };
		B1F433E8292161A400AE2A78 /* TaskDB+Extension.swift in Sources */ = {isa = PBXBuildFile; fileRef = B1F433E7292161A400AE2A78 /* TaskDB+Extension.swift */; };
		B1F433F72921A1AC00AE2A78 /* TimeTracker+Repository.swift in Sources */ = {isa = PBXBuildFile; fileRef = B1F433F62921A1AC00AE2A78 /* TimeTracker+Repository.swift */; };
		B1F433F92921A26B00AE2A78 /* Repository.swift in Sources */ = {isa = PBXBuildFile; fileRef = B1F433F82921A26B00AE2A78 /* Repository.swift */; };
/* End PBXBuildFile section */

/* Begin PBXContainerItemProxy section */
		B1CE7440291FEED9002C7086 /* PBXContainerItemProxy */ = {
			isa = PBXContainerItemProxy;
			containerPortal = B1CE7421291FEED6002C7086 /* Project object */;
			proxyType = 1;
			remoteGlobalIDString = B1CE7428291FEED6002C7086;
			remoteInfo = Droptick;
		};
		B1CE744A291FEED9002C7086 /* PBXContainerItemProxy */ = {
			isa = PBXContainerItemProxy;
			containerPortal = B1CE7421291FEED6002C7086 /* Project object */;
			proxyType = 1;
			remoteGlobalIDString = B1CE7428291FEED6002C7086;
			remoteInfo = Droptick;
		};
/* End PBXContainerItemProxy section */

/* Begin PBXFileReference section */
		B13CF5B52920FCE20043C750 /* Color.swift */ = {isa = PBXFileReference; lastKnownFileType = sourcecode.swift; path = Color.swift; sourceTree = "<group>"; };
		B1B4312129201B910094E1A6 /* CreateTask.swift */ = {isa = PBXFileReference; lastKnownFileType = sourcecode.swift; path = CreateTask.swift; sourceTree = "<group>"; };
		B1CE7429291FEED6002C7086 /* Droptick.app */ = {isa = PBXFileReference; explicitFileType = wrapper.application; includeInIndex = 0; path = Droptick.app; sourceTree = BUILT_PRODUCTS_DIR; };
		B1CE742C291FEED6002C7086 /* DroptickApp.swift */ = {isa = PBXFileReference; lastKnownFileType = sourcecode.swift; path = DroptickApp.swift; sourceTree = "<group>"; };
		B1CE742E291FEED6002C7086 /* Persistence.swift */ = {isa = PBXFileReference; lastKnownFileType = sourcecode.swift; path = Persistence.swift; sourceTree = "<group>"; };
		B1CE7431291FEED6002C7086 /* Droptick.xcdatamodel */ = {isa = PBXFileReference; lastKnownFileType = wrapper.xcdatamodel; path = Droptick.xcdatamodel; sourceTree = "<group>"; };
		B1CE7433291FEED6002C7086 /* ContentView.swift */ = {isa = PBXFileReference; lastKnownFileType = sourcecode.swift; path = ContentView.swift; sourceTree = "<group>"; };
		B1CE7435291FEED8002C7086 /* Assets.xcassets */ = {isa = PBXFileReference; lastKnownFileType = folder.assetcatalog; path = Assets.xcassets; sourceTree = "<group>"; };
		B1CE7437291FEED8002C7086 /* Droptick.entitlements */ = {isa = PBXFileReference; lastKnownFileType = text.plist.entitlements; path = Droptick.entitlements; sourceTree = "<group>"; };
		B1CE7439291FEED8002C7086 /* Preview Assets.xcassets */ = {isa = PBXFileReference; lastKnownFileType = folder.assetcatalog; path = "Preview Assets.xcassets"; sourceTree = "<group>"; };
		B1CE743F291FEED9002C7086 /* DroptickTests.xctest */ = {isa = PBXFileReference; explicitFileType = wrapper.cfbundle; includeInIndex = 0; path = DroptickTests.xctest; sourceTree = BUILT_PRODUCTS_DIR; };
		B1CE7443291FEED9002C7086 /* DroptickTests.swift */ = {isa = PBXFileReference; lastKnownFileType = sourcecode.swift; path = DroptickTests.swift; sourceTree = "<group>"; };
		B1CE7449291FEED9002C7086 /* DroptickUITests.xctest */ = {isa = PBXFileReference; explicitFileType = wrapper.cfbundle; includeInIndex = 0; path = DroptickUITests.xctest; sourceTree = BUILT_PRODUCTS_DIR; };
		B1CE744D291FEED9002C7086 /* DroptickUITests.swift */ = {isa = PBXFileReference; lastKnownFileType = sourcecode.swift; path = DroptickUITests.swift; sourceTree = "<group>"; };
		B1CE744F291FEED9002C7086 /* DroptickUITestsLaunchTests.swift */ = {isa = PBXFileReference; lastKnownFileType = sourcecode.swift; path = DroptickUITestsLaunchTests.swift; sourceTree = "<group>"; };
		B1CE745C291FEFC4002C7086 /* TimeTracker+Model.swift */ = {isa = PBXFileReference; lastKnownFileType = sourcecode.swift; path = "TimeTracker+Model.swift"; sourceTree = "<group>"; };
		B1CE7460291FF096002C7086 /* TimeTracker+ViewModel.swift */ = {isa = PBXFileReference; lastKnownFileType = sourcecode.swift; path = "TimeTracker+ViewModel.swift"; sourceTree = "<group>"; };
		B1CE7463291FFD17002C7086 /* TasksList.swift */ = {isa = PBXFileReference; lastKnownFileType = sourcecode.swift; path = TasksList.swift; sourceTree = "<group>"; };
		B1CE7469291FFF49002C7086 /* ControlBar.swift */ = {isa = PBXFileReference; lastKnownFileType = sourcecode.swift; path = ControlBar.swift; sourceTree = "<group>"; };
		B1CE746C291FFFEB002C7086 /* ButtonStyles.swift */ = {isa = PBXFileReference; lastKnownFileType = sourcecode.swift; path = ButtonStyles.swift; sourceTree = "<group>"; };
		B1CE746E2920018A002C7086 /* TimeStats.swift */ = {isa = PBXFileReference; lastKnownFileType = sourcecode.swift; path = TimeStats.swift; sourceTree = "<group>"; };
		B1CE7470292001DF002C7086 /* TimeConverter.swift */ = {isa = PBXFileReference; lastKnownFileType = sourcecode.swift; path = TimeConverter.swift; sourceTree = "<group>"; };
		B1DFD5C32920250F00F6CCD2 /* TimeInputView.swift */ = {isa = PBXFileReference; lastKnownFileType = sourcecode.swift; path = TimeInputView.swift; sourceTree = "<group>"; };
		B1F433E7292161A400AE2A78 /* TaskDB+Extension.swift */ = {isa = PBXFileReference; lastKnownFileType = sourcecode.swift; path = "TaskDB+Extension.swift"; sourceTree = "<group>"; };
		B1F433F62921A1AC00AE2A78 /* TimeTracker+Repository.swift */ = {isa = PBXFileReference; lastKnownFileType = sourcecode.swift; path = "TimeTracker+Repository.swift"; sourceTree = "<group>"; };
		B1F433F82921A26B00AE2A78 /* Repository.swift */ = {isa = PBXFileReference; lastKnownFileType = sourcecode.swift; path = Repository.swift; sourceTree = "<group>"; };
/* End PBXFileReference section */

/* Begin PBXFrameworksBuildPhase section */
		B1CE7426291FEED6002C7086 /* Frameworks */ = {
			isa = PBXFrameworksBuildPhase;
			buildActionMask = 2147483647;
			files = (
			);
			runOnlyForDeploymentPostprocessing = 0;
		};
		B1CE743C291FEED9002C7086 /* Frameworks */ = {
			isa = PBXFrameworksBuildPhase;
			buildActionMask = 2147483647;
			files = (
			);
			runOnlyForDeploymentPostprocessing = 0;
		};
		B1CE7446291FEED9002C7086 /* Frameworks */ = {
			isa = PBXFrameworksBuildPhase;
			buildActionMask = 2147483647;
			files = (
			);
			runOnlyForDeploymentPostprocessing = 0;
		};
/* End PBXFrameworksBuildPhase section */

/* Begin PBXGroup section */
		B13CF5B42920FCCF0043C750 /* Extensions */ = {
			isa = PBXGroup;
			children = (
				B13CF5B52920FCE20043C750 /* Color.swift */,
			);
			path = Extensions;
			sourceTree = "<group>";
		};
		B1B4311E29201B590094E1A6 /* Home */ = {
			isa = PBXGroup;
			children = (
				B1B4312029201B740094E1A6 /* Task Creation */,
				B1CE746E2920018A002C7086 /* TimeStats.swift */,
				B1B4311F29201B620094E1A6 /* List */,
			);
			path = Home;
			sourceTree = "<group>";
		};
		B1B4311F29201B620094E1A6 /* List */ = {
			isa = PBXGroup;
			children = (
				B1CE7463291FFD17002C7086 /* TasksList.swift */,
				B1CE7469291FFF49002C7086 /* ControlBar.swift */,
			);
			path = List;
			sourceTree = "<group>";
		};
		B1B4312029201B740094E1A6 /* Task Creation */ = {
			isa = PBXGroup;
			children = (
				B1B4312129201B910094E1A6 /* CreateTask.swift */,
				B1DFD5C32920250F00F6CCD2 /* TimeInputView.swift */,
			);
			path = "Task Creation";
			sourceTree = "<group>";
		};
		B1CE7420291FEED6002C7086 = {
			isa = PBXGroup;
			children = (
				B1F433E7292161A400AE2A78 /* TaskDB+Extension.swift */,
				B1CE742B291FEED6002C7086 /* Droptick */,
				B1CE7442291FEED9002C7086 /* DroptickTests */,
				B1CE744C291FEED9002C7086 /* DroptickUITests */,
				B1CE742A291FEED6002C7086 /* Products */,
			);
			sourceTree = "<group>";
		};
		B1CE742A291FEED6002C7086 /* Products */ = {
			isa = PBXGroup;
			children = (
				B1CE7429291FEED6002C7086 /* Droptick.app */,
				B1CE743F291FEED9002C7086 /* DroptickTests.xctest */,
				B1CE7449291FEED9002C7086 /* DroptickUITests.xctest */,
			);
			name = Products;
			sourceTree = "<group>";
		};
		B1CE742B291FEED6002C7086 /* Droptick */ = {
			isa = PBXGroup;
			children = (
				B13CF5B42920FCCF0043C750 /* Extensions */,
				B1CE746B291FFFD5002C7086 /* Lib */,
				B1CE7467291FFE31002C7086 /* Utils */,
				B1CE7462291FFD00002C7086 /* Views */,
				B1CE745E291FF07B002C7086 /* TimeTracker */,
				B1CE742C291FEED6002C7086 /* DroptickApp.swift */,
				B1CE742E291FEED6002C7086 /* Persistence.swift */,
				B1CE7433291FEED6002C7086 /* ContentView.swift */,
				B1CE7435291FEED8002C7086 /* Assets.xcassets */,
				B1CE7437291FEED8002C7086 /* Droptick.entitlements */,
				B1CE7430291FEED6002C7086 /* Droptick.xcdatamodeld */,
				B1CE7438291FEED8002C7086 /* Preview Content */,
			);
			path = Droptick;
			sourceTree = "<group>";
		};
		B1CE7438291FEED8002C7086 /* Preview Content */ = {
			isa = PBXGroup;
			children = (
				B1CE7439291FEED8002C7086 /* Preview Assets.xcassets */,
			);
			path = "Preview Content";
			sourceTree = "<group>";
		};
		B1CE7442291FEED9002C7086 /* DroptickTests */ = {
			isa = PBXGroup;
			children = (
				B1CE7443291FEED9002C7086 /* DroptickTests.swift */,
			);
			path = DroptickTests;
			sourceTree = "<group>";
		};
		B1CE744C291FEED9002C7086 /* DroptickUITests */ = {
			isa = PBXGroup;
			children = (
				B1CE744D291FEED9002C7086 /* DroptickUITests.swift */,
				B1CE744F291FEED9002C7086 /* DroptickUITestsLaunchTests.swift */,
			);
			path = DroptickUITests;
			sourceTree = "<group>";
		};
		B1CE745E291FF07B002C7086 /* TimeTracker */ = {
			isa = PBXGroup;
			children = (
				B1CE7460291FF096002C7086 /* TimeTracker+ViewModel.swift */,
				B1CE745C291FEFC4002C7086 /* TimeTracker+Model.swift */,
				B1F433F62921A1AC00AE2A78 /* TimeTracker+Repository.swift */,
			);
			path = TimeTracker;
			sourceTree = "<group>";
		};
		B1CE7462291FFD00002C7086 /* Views */ = {
			isa = PBXGroup;
			children = (
				B1B4311E29201B590094E1A6 /* Home */,
			);
			path = Views;
			sourceTree = "<group>";
		};
		B1CE7467291FFE31002C7086 /* Utils */ = {
			isa = PBXGroup;
			children = (
				B1CE7470292001DF002C7086 /* TimeConverter.swift */,
				B1F433F82921A26B00AE2A78 /* Repository.swift */,
			);
			path = Utils;
			sourceTree = "<group>";
		};
		B1CE746B291FFFD5002C7086 /* Lib */ = {
			isa = PBXGroup;
			children = (
				B1CE746C291FFFEB002C7086 /* ButtonStyles.swift */,
			);
			path = Lib;
			sourceTree = "<group>";
		};
/* End PBXGroup section */

/* Begin PBXNativeTarget section */
		B1CE7428291FEED6002C7086 /* Droptick */ = {
			isa = PBXNativeTarget;
			buildConfigurationList = B1CE7453291FEED9002C7086 /* Build configuration list for PBXNativeTarget "Droptick" */;
			buildPhases = (
				B1CE7425291FEED6002C7086 /* Sources */,
				B1CE7426291FEED6002C7086 /* Frameworks */,
				B1CE7427291FEED6002C7086 /* Resources */,
			);
			buildRules = (
			);
			dependencies = (
			);
			name = Droptick;
			productName = Droptick;
			productReference = B1CE7429291FEED6002C7086 /* Droptick.app */;
			productType = "com.apple.product-type.application";
		};
		B1CE743E291FEED9002C7086 /* DroptickTests */ = {
			isa = PBXNativeTarget;
			buildConfigurationList = B1CE7456291FEED9002C7086 /* Build configuration list for PBXNativeTarget "DroptickTests" */;
			buildPhases = (
				B1CE743B291FEED9002C7086 /* Sources */,
				B1CE743C291FEED9002C7086 /* Frameworks */,
				B1CE743D291FEED9002C7086 /* Resources */,
			);
			buildRules = (
			);
			dependencies = (
				B1CE7441291FEED9002C7086 /* PBXTargetDependency */,
			);
			name = DroptickTests;
			productName = DroptickTests;
			productReference = B1CE743F291FEED9002C7086 /* DroptickTests.xctest */;
			productType = "com.apple.product-type.bundle.unit-test";
		};
		B1CE7448291FEED9002C7086 /* DroptickUITests */ = {
			isa = PBXNativeTarget;
			buildConfigurationList = B1CE7459291FEED9002C7086 /* Build configuration list for PBXNativeTarget "DroptickUITests" */;
			buildPhases = (
				B1CE7445291FEED9002C7086 /* Sources */,
				B1CE7446291FEED9002C7086 /* Frameworks */,
				B1CE7447291FEED9002C7086 /* Resources */,
			);
			buildRules = (
			);
			dependencies = (
				B1CE744B291FEED9002C7086 /* PBXTargetDependency */,
			);
			name = DroptickUITests;
			productName = DroptickUITests;
			productReference = B1CE7449291FEED9002C7086 /* DroptickUITests.xctest */;
			productType = "com.apple.product-type.bundle.ui-testing";
		};
/* End PBXNativeTarget section */

/* Begin PBXProject section */
		B1CE7421291FEED6002C7086 /* Project object */ = {
			isa = PBXProject;
			attributes = {
				BuildIndependentTargetsInParallel = 1;
				LastSwiftUpdateCheck = 1400;
				LastUpgradeCheck = 1400;
				TargetAttributes = {
					B1CE7428291FEED6002C7086 = {
						CreatedOnToolsVersion = 14.0.1;
					};
					B1CE743E291FEED9002C7086 = {
						CreatedOnToolsVersion = 14.0.1;
						TestTargetID = B1CE7428291FEED6002C7086;
					};
					B1CE7448291FEED9002C7086 = {
						CreatedOnToolsVersion = 14.0.1;
						TestTargetID = B1CE7428291FEED6002C7086;
					};
				};
			};
			buildConfigurationList = B1CE7424291FEED6002C7086 /* Build configuration list for PBXProject "Droptick" */;
			compatibilityVersion = "Xcode 14.0";
			developmentRegion = en;
			hasScannedForEncodings = 0;
			knownRegions = (
				en,
				Base,
			);
			mainGroup = B1CE7420291FEED6002C7086;
			productRefGroup = B1CE742A291FEED6002C7086 /* Products */;
			projectDirPath = "";
			projectRoot = "";
			targets = (
				B1CE7428291FEED6002C7086 /* Droptick */,
				B1CE743E291FEED9002C7086 /* DroptickTests */,
				B1CE7448291FEED9002C7086 /* DroptickUITests */,
			);
		};
/* End PBXProject section */

/* Begin PBXResourcesBuildPhase section */
		B1CE7427291FEED6002C7086 /* Resources */ = {
			isa = PBXResourcesBuildPhase;
			buildActionMask = 2147483647;
			files = (
				B1CE743A291FEED8002C7086 /* Preview Assets.xcassets in Resources */,
				B1CE7436291FEED8002C7086 /* Assets.xcassets in Resources */,
			);
			runOnlyForDeploymentPostprocessing = 0;
		};
		B1CE743D291FEED9002C7086 /* Resources */ = {
			isa = PBXResourcesBuildPhase;
			buildActionMask = 2147483647;
			files = (
			);
			runOnlyForDeploymentPostprocessing = 0;
		};
		B1CE7447291FEED9002C7086 /* Resources */ = {
			isa = PBXResourcesBuildPhase;
			buildActionMask = 2147483647;
			files = (
			);
			runOnlyForDeploymentPostprocessing = 0;
		};
/* End PBXResourcesBuildPhase section */

/* Begin PBXSourcesBuildPhase section */
		B1CE7425291FEED6002C7086 /* Sources */ = {
			isa = PBXSourcesBuildPhase;
			buildActionMask = 2147483647;
			files = (
				B1CE7464291FFD17002C7086 /* TasksList.swift in Sources */,
				B1F433E8292161A400AE2A78 /* TaskDB+Extension.swift in Sources */,
				B1CE742D291FEED6002C7086 /* DroptickApp.swift in Sources */,
				B1CE7432291FEED6002C7086 /* Droptick.xcdatamodeld in Sources */,
				B1CE7434291FEED6002C7086 /* ContentView.swift in Sources */,
				B1CE745D291FEFC4002C7086 /* TimeTracker+Model.swift in Sources */,
				B1CE7471292001DF002C7086 /* TimeConverter.swift in Sources */,
				B1DFD5C42920250F00F6CCD2 /* TimeInputView.swift in Sources */,
				B1CE746A291FFF49002C7086 /* ControlBar.swift in Sources */,
				B1CE742F291FEED6002C7086 /* Persistence.swift in Sources */,
				B13CF5B62920FCE20043C750 /* Color.swift in Sources */,
				B1CE746D291FFFEB002C7086 /* ButtonStyles.swift in Sources */,
				B1F433F92921A26B00AE2A78 /* Repository.swift in Sources */,
				B1CE746F2920018A002C7086 /* TimeStats.swift in Sources */,
				B1F433F72921A1AC00AE2A78 /* TimeTracker+Repository.swift in Sources */,
				B1B4312229201B910094E1A6 /* CreateTask.swift in Sources */,
				B1CE7461291FF096002C7086 /* TimeTracker+ViewModel.swift in Sources */,
			);
			runOnlyForDeploymentPostprocessing = 0;
		};
		B1CE743B291FEED9002C7086 /* Sources */ = {
			isa = PBXSourcesBuildPhase;
			buildActionMask = 2147483647;
			files = (
				B1CE7444291FEED9002C7086 /* DroptickTests.swift in Sources */,
			);
			runOnlyForDeploymentPostprocessing = 0;
		};
		B1CE7445291FEED9002C7086 /* Sources */ = {
			isa = PBXSourcesBuildPhase;
			buildActionMask = 2147483647;
			files = (
				B1CE7450291FEED9002C7086 /* DroptickUITestsLaunchTests.swift in Sources */,
				B1CE744E291FEED9002C7086 /* DroptickUITests.swift in Sources */,
			);
			runOnlyForDeploymentPostprocessing = 0;
		};
/* End PBXSourcesBuildPhase section */

/* Begin PBXTargetDependency section */
		B1CE7441291FEED9002C7086 /* PBXTargetDependency */ = {
			isa = PBXTargetDependency;
			target = B1CE7428291FEED6002C7086 /* Droptick */;
			targetProxy = B1CE7440291FEED9002C7086 /* PBXContainerItemProxy */;
		};
		B1CE744B291FEED9002C7086 /* PBXTargetDependency */ = {
			isa = PBXTargetDependency;
			target = B1CE7428291FEED6002C7086 /* Droptick */;
			targetProxy = B1CE744A291FEED9002C7086 /* PBXContainerItemProxy */;
		};
/* End PBXTargetDependency section */

/* Begin XCBuildConfiguration section */
		B1CE7451291FEED9002C7086 /* Debug */ = {
			isa = XCBuildConfiguration;
			buildSettings = {
				ALWAYS_SEARCH_USER_PATHS = NO;
				CLANG_ANALYZER_NONNULL = YES;
				CLANG_ANALYZER_NUMBER_OBJECT_CONVERSION = YES_AGGRESSIVE;
				CLANG_CXX_LANGUAGE_STANDARD = "gnu++20";
				CLANG_ENABLE_MODULES = YES;
				CLANG_ENABLE_OBJC_ARC = YES;
				CLANG_ENABLE_OBJC_WEAK = YES;
				CLANG_WARN_BLOCK_CAPTURE_AUTORELEASING = YES;
				CLANG_WARN_BOOL_CONVERSION = YES;
				CLANG_WARN_COMMA = YES;
				CLANG_WARN_CONSTANT_CONVERSION = YES;
				CLANG_WARN_DEPRECATED_OBJC_IMPLEMENTATIONS = YES;
				CLANG_WARN_DIRECT_OBJC_ISA_USAGE = YES_ERROR;
				CLANG_WARN_DOCUMENTATION_COMMENTS = YES;
				CLANG_WARN_EMPTY_BODY = YES;
				CLANG_WARN_ENUM_CONVERSION = YES;
				CLANG_WARN_INFINITE_RECURSION = YES;
				CLANG_WARN_INT_CONVERSION = YES;
				CLANG_WARN_NON_LITERAL_NULL_CONVERSION = YES;
				CLANG_WARN_OBJC_IMPLICIT_RETAIN_SELF = YES;
				CLANG_WARN_OBJC_LITERAL_CONVERSION = YES;
				CLANG_WARN_OBJC_ROOT_CLASS = YES_ERROR;
				CLANG_WARN_QUOTED_INCLUDE_IN_FRAMEWORK_HEADER = YES;
				CLANG_WARN_RANGE_LOOP_ANALYSIS = YES;
				CLANG_WARN_STRICT_PROTOTYPES = YES;
				CLANG_WARN_SUSPICIOUS_MOVE = YES;
				CLANG_WARN_UNGUARDED_AVAILABILITY = YES_AGGRESSIVE;
				CLANG_WARN_UNREACHABLE_CODE = YES;
				CLANG_WARN__DUPLICATE_METHOD_MATCH = YES;
				COPY_PHASE_STRIP = NO;
				DEBUG_INFORMATION_FORMAT = dwarf;
				ENABLE_STRICT_OBJC_MSGSEND = YES;
				ENABLE_TESTABILITY = YES;
				GCC_C_LANGUAGE_STANDARD = gnu11;
				GCC_DYNAMIC_NO_PIC = NO;
				GCC_NO_COMMON_BLOCKS = YES;
				GCC_OPTIMIZATION_LEVEL = 0;
				GCC_PREPROCESSOR_DEFINITIONS = (
					"DEBUG=1",
					"$(inherited)",
				);
				GCC_WARN_64_TO_32_BIT_CONVERSION = YES;
				GCC_WARN_ABOUT_RETURN_TYPE = YES_ERROR;
				GCC_WARN_UNDECLARED_SELECTOR = YES;
				GCC_WARN_UNINITIALIZED_AUTOS = YES_AGGRESSIVE;
				GCC_WARN_UNUSED_FUNCTION = YES;
				GCC_WARN_UNUSED_VARIABLE = YES;
				MTL_ENABLE_DEBUG_INFO = INCLUDE_SOURCE;
				MTL_FAST_MATH = YES;
				ONLY_ACTIVE_ARCH = YES;
				SWIFT_ACTIVE_COMPILATION_CONDITIONS = DEBUG;
				SWIFT_OPTIMIZATION_LEVEL = "-Onone";
			};
			name = Debug;
		};
		B1CE7452291FEED9002C7086 /* Release */ = {
			isa = XCBuildConfiguration;
			buildSettings = {
				ALWAYS_SEARCH_USER_PATHS = NO;
				CLANG_ANALYZER_NONNULL = YES;
				CLANG_ANALYZER_NUMBER_OBJECT_CONVERSION = YES_AGGRESSIVE;
				CLANG_CXX_LANGUAGE_STANDARD = "gnu++20";
				CLANG_ENABLE_MODULES = YES;
				CLANG_ENABLE_OBJC_ARC = YES;
				CLANG_ENABLE_OBJC_WEAK = YES;
				CLANG_WARN_BLOCK_CAPTURE_AUTORELEASING = YES;
				CLANG_WARN_BOOL_CONVERSION = YES;
				CLANG_WARN_COMMA = YES;
				CLANG_WARN_CONSTANT_CONVERSION = YES;
				CLANG_WARN_DEPRECATED_OBJC_IMPLEMENTATIONS = YES;
				CLANG_WARN_DIRECT_OBJC_ISA_USAGE = YES_ERROR;
				CLANG_WARN_DOCUMENTATION_COMMENTS = YES;
				CLANG_WARN_EMPTY_BODY = YES;
				CLANG_WARN_ENUM_CONVERSION = YES;
				CLANG_WARN_INFINITE_RECURSION = YES;
				CLANG_WARN_INT_CONVERSION = YES;
				CLANG_WARN_NON_LITERAL_NULL_CONVERSION = YES;
				CLANG_WARN_OBJC_IMPLICIT_RETAIN_SELF = YES;
				CLANG_WARN_OBJC_LITERAL_CONVERSION = YES;
				CLANG_WARN_OBJC_ROOT_CLASS = YES_ERROR;
				CLANG_WARN_QUOTED_INCLUDE_IN_FRAMEWORK_HEADER = YES;
				CLANG_WARN_RANGE_LOOP_ANALYSIS = YES;
				CLANG_WARN_STRICT_PROTOTYPES = YES;
				CLANG_WARN_SUSPICIOUS_MOVE = YES;
				CLANG_WARN_UNGUARDED_AVAILABILITY = YES_AGGRESSIVE;
				CLANG_WARN_UNREACHABLE_CODE = YES;
				CLANG_WARN__DUPLICATE_METHOD_MATCH = YES;
				COPY_PHASE_STRIP = NO;
				DEBUG_INFORMATION_FORMAT = "dwarf-with-dsym";
				ENABLE_NS_ASSERTIONS = NO;
				ENABLE_STRICT_OBJC_MSGSEND = YES;
				GCC_C_LANGUAGE_STANDARD = gnu11;
				GCC_NO_COMMON_BLOCKS = YES;
				GCC_WARN_64_TO_32_BIT_CONVERSION = YES;
				GCC_WARN_ABOUT_RETURN_TYPE = YES_ERROR;
				GCC_WARN_UNDECLARED_SELECTOR = YES;
				GCC_WARN_UNINITIALIZED_AUTOS = YES_AGGRESSIVE;
				GCC_WARN_UNUSED_FUNCTION = YES;
				GCC_WARN_UNUSED_VARIABLE = YES;
				MTL_ENABLE_DEBUG_INFO = NO;
				MTL_FAST_MATH = YES;
				SWIFT_COMPILATION_MODE = wholemodule;
				SWIFT_OPTIMIZATION_LEVEL = "-O";
			};
			name = Release;
		};
		B1CE7454291FEED9002C7086 /* Debug */ = {
			isa = XCBuildConfiguration;
			buildSettings = {
				ASSETCATALOG_COMPILER_APPICON_NAME = AppIcon;
				ASSETCATALOG_COMPILER_GLOBAL_ACCENT_COLOR_NAME = AccentColor;
				CODE_SIGN_ENTITLEMENTS = Droptick/Droptick.entitlements;
				CODE_SIGN_STYLE = Automatic;
				CURRENT_PROJECT_VERSION = 1;
				DEVELOPMENT_ASSET_PATHS = "\"Droptick/Preview Content\"";
				DEVELOPMENT_TEAM = WLF4K799KP;
				ENABLE_HARDENED_RUNTIME = YES;
				ENABLE_PREVIEWS = YES;
				GENERATE_INFOPLIST_FILE = YES;
				INFOPLIST_KEY_CFBundleDisplayName = Droptick;
				INFOPLIST_KEY_LSApplicationCategoryType = "public.app-category.productivity";
				"INFOPLIST_KEY_UIApplicationSceneManifest_Generation[sdk=iphoneos*]" = YES;
				"INFOPLIST_KEY_UIApplicationSceneManifest_Generation[sdk=iphonesimulator*]" = YES;
				"INFOPLIST_KEY_UIApplicationSupportsIndirectInputEvents[sdk=iphoneos*]" = YES;
				"INFOPLIST_KEY_UIApplicationSupportsIndirectInputEvents[sdk=iphonesimulator*]" = YES;
				"INFOPLIST_KEY_UILaunchScreen_Generation[sdk=iphoneos*]" = YES;
				"INFOPLIST_KEY_UILaunchScreen_Generation[sdk=iphonesimulator*]" = YES;
				INFOPLIST_KEY_UIStatusBarStyle = "";
				"INFOPLIST_KEY_UIStatusBarStyle[sdk=iphoneos*]" = UIStatusBarStyleDefault;
				"INFOPLIST_KEY_UIStatusBarStyle[sdk=iphonesimulator*]" = UIStatusBarStyleDefault;
				INFOPLIST_KEY_UISupportedInterfaceOrientations = UIInterfaceOrientationPortrait;
				INFOPLIST_KEY_UISupportedInterfaceOrientations_iPad = "UIInterfaceOrientationLandscapeLeft UIInterfaceOrientationLandscapeRight UIInterfaceOrientationPortrait UIInterfaceOrientationPortraitUpsideDown";
				IPHONEOS_DEPLOYMENT_TARGET = 16.0;
				LD_RUNPATH_SEARCH_PATHS = "@executable_path/Frameworks";
				"LD_RUNPATH_SEARCH_PATHS[sdk=macosx*]" = "@executable_path/../Frameworks";
				MACOSX_DEPLOYMENT_TARGET = 12.3;
				MARKETING_VERSION = 1.0;
				PRODUCT_BUNDLE_IDENTIFIER = com.subatiq.Droptick;
				PRODUCT_NAME = "$(TARGET_NAME)";
				SDKROOT = auto;
				SUPPORTED_PLATFORMS = "iphoneos iphonesimulator macosx";
				SWIFT_EMIT_LOC_STRINGS = YES;
				SWIFT_VERSION = 5.0;
				TARGETED_DEVICE_FAMILY = "1,2";
			};
			name = Debug;
		};
		B1CE7455291FEED9002C7086 /* Release */ = {
			isa = XCBuildConfiguration;
			buildSettings = {
				ASSETCATALOG_COMPILER_APPICON_NAME = AppIcon;
				ASSETCATALOG_COMPILER_GLOBAL_ACCENT_COLOR_NAME = AccentColor;
				CODE_SIGN_ENTITLEMENTS = Droptick/Droptick.entitlements;
				CODE_SIGN_STYLE = Automatic;
				CURRENT_PROJECT_VERSION = 1;
				DEVELOPMENT_ASSET_PATHS = "\"Droptick/Preview Content\"";
				DEVELOPMENT_TEAM = WLF4K799KP;
				ENABLE_HARDENED_RUNTIME = YES;
				ENABLE_PREVIEWS = YES;
				GENERATE_INFOPLIST_FILE = YES;
				INFOPLIST_KEY_CFBundleDisplayName = Droptick;
				INFOPLIST_KEY_LSApplicationCategoryType = "public.app-category.productivity";
				"INFOPLIST_KEY_UIApplicationSceneManifest_Generation[sdk=iphoneos*]" = YES;
				"INFOPLIST_KEY_UIApplicationSceneManifest_Generation[sdk=iphonesimulator*]" = YES;
				"INFOPLIST_KEY_UIApplicationSupportsIndirectInputEvents[sdk=iphoneos*]" = YES;
				"INFOPLIST_KEY_UIApplicationSupportsIndirectInputEvents[sdk=iphonesimulator*]" = YES;
				"INFOPLIST_KEY_UILaunchScreen_Generation[sdk=iphoneos*]" = YES;
				"INFOPLIST_KEY_UILaunchScreen_Generation[sdk=iphonesimulator*]" = YES;
				INFOPLIST_KEY_UIStatusBarStyle = "";
				"INFOPLIST_KEY_UIStatusBarStyle[sdk=iphoneos*]" = UIStatusBarStyleDefault;
				"INFOPLIST_KEY_UIStatusBarStyle[sdk=iphonesimulator*]" = UIStatusBarStyleDefault;
				INFOPLIST_KEY_UISupportedInterfaceOrientations = UIInterfaceOrientationPortrait;
				INFOPLIST_KEY_UISupportedInterfaceOrientations_iPad = "UIInterfaceOrientationLandscapeLeft UIInterfaceOrientationLandscapeRight UIInterfaceOrientationPortrait UIInterfaceOrientationPortraitUpsideDown";
				IPHONEOS_DEPLOYMENT_TARGET = 16.0;
				LD_RUNPATH_SEARCH_PATHS = "@executable_path/Frameworks";
				"LD_RUNPATH_SEARCH_PATHS[sdk=macosx*]" = "@executable_path/../Frameworks";
				MACOSX_DEPLOYMENT_TARGET = 12.3;
				MARKETING_VERSION = 1.0;
				PRODUCT_BUNDLE_IDENTIFIER = com.subatiq.Droptick;
				PRODUCT_NAME = "$(TARGET_NAME)";
				SDKROOT = auto;
				SUPPORTED_PLATFORMS = "iphoneos iphonesimulator macosx";
				SWIFT_EMIT_LOC_STRINGS = YES;
				SWIFT_VERSION = 5.0;
				TARGETED_DEVICE_FAMILY = "1,2";
			};
			name = Release;
		};
		B1CE7457291FEED9002C7086 /* Debug */ = {
			isa = XCBuildConfiguration;
			buildSettings = {
				ALWAYS_EMBED_SWIFT_STANDARD_LIBRARIES = YES;
				BUNDLE_LOADER = "$(TEST_HOST)";
				CODE_SIGN_STYLE = Automatic;
				CURRENT_PROJECT_VERSION = 1;
				DEVELOPMENT_TEAM = WLF4K799KP;
				GENERATE_INFOPLIST_FILE = YES;
				IPHONEOS_DEPLOYMENT_TARGET = 16.0;
				MACOSX_DEPLOYMENT_TARGET = 12.3;
				MARKETING_VERSION = 1.0;
				PRODUCT_BUNDLE_IDENTIFIER = com.subatiq.DroptickTests;
				PRODUCT_NAME = "$(TARGET_NAME)";
				SDKROOT = auto;
				SUPPORTED_PLATFORMS = "iphoneos iphonesimulator macosx";
				SWIFT_EMIT_LOC_STRINGS = NO;
				SWIFT_VERSION = 5.0;
				TARGETED_DEVICE_FAMILY = "1,2";
				TEST_HOST = "$(BUILT_PRODUCTS_DIR)/Droptick.app/$(BUNDLE_EXECUTABLE_FOLDER_PATH)/Droptick";
			};
			name = Debug;
		};
		B1CE7458291FEED9002C7086 /* Release */ = {
			isa = XCBuildConfiguration;
			buildSettings = {
				ALWAYS_EMBED_SWIFT_STANDARD_LIBRARIES = YES;
				BUNDLE_LOADER = "$(TEST_HOST)";
				CODE_SIGN_STYLE = Automatic;
				CURRENT_PROJECT_VERSION = 1;
				DEVELOPMENT_TEAM = WLF4K799KP;
				GENERATE_INFOPLIST_FILE = YES;
				IPHONEOS_DEPLOYMENT_TARGET = 16.0;
				MACOSX_DEPLOYMENT_TARGET = 12.3;
				MARKETING_VERSION = 1.0;
				PRODUCT_BUNDLE_IDENTIFIER = com.subatiq.DroptickTests;
				PRODUCT_NAME = "$(TARGET_NAME)";
				SDKROOT = auto;
				SUPPORTED_PLATFORMS = "iphoneos iphonesimulator macosx";
				SWIFT_EMIT_LOC_STRINGS = NO;
				SWIFT_VERSION = 5.0;
				TARGETED_DEVICE_FAMILY = "1,2";
				TEST_HOST = "$(BUILT_PRODUCTS_DIR)/Droptick.app/$(BUNDLE_EXECUTABLE_FOLDER_PATH)/Droptick";
			};
			name = Release;
		};
		B1CE745A291FEED9002C7086 /* Debug */ = {
			isa = XCBuildConfiguration;
			buildSettings = {
				ALWAYS_EMBED_SWIFT_STANDARD_LIBRARIES = YES;
				CODE_SIGN_STYLE = Automatic;
				CURRENT_PROJECT_VERSION = 1;
				DEVELOPMENT_TEAM = WLF4K799KP;
				GENERATE_INFOPLIST_FILE = YES;
				IPHONEOS_DEPLOYMENT_TARGET = 16.0;
				MACOSX_DEPLOYMENT_TARGET = 12.3;
				MARKETING_VERSION = 1.0;
				PRODUCT_BUNDLE_IDENTIFIER = com.subatiq.DroptickUITests;
				PRODUCT_NAME = "$(TARGET_NAME)";
				SDKROOT = auto;
				SUPPORTED_PLATFORMS = "iphoneos iphonesimulator macosx";
				SWIFT_EMIT_LOC_STRINGS = NO;
				SWIFT_VERSION = 5.0;
				TARGETED_DEVICE_FAMILY = "1,2";
				TEST_TARGET_NAME = Droptick;
			};
			name = Debug;
		};
		B1CE745B291FEED9002C7086 /* Release */ = {
			isa = XCBuildConfiguration;
			buildSettings = {
				ALWAYS_EMBED_SWIFT_STANDARD_LIBRARIES = YES;
				CODE_SIGN_STYLE = Automatic;
				CURRENT_PROJECT_VERSION = 1;
				DEVELOPMENT_TEAM = WLF4K799KP;
				GENERATE_INFOPLIST_FILE = YES;
				IPHONEOS_DEPLOYMENT_TARGET = 16.0;
				MACOSX_DEPLOYMENT_TARGET = 12.3;
				MARKETING_VERSION = 1.0;
				PRODUCT_BUNDLE_IDENTIFIER = com.subatiq.DroptickUITests;
				PRODUCT_NAME = "$(TARGET_NAME)";
				SDKROOT = auto;
				SUPPORTED_PLATFORMS = "iphoneos iphonesimulator macosx";
				SWIFT_EMIT_LOC_STRINGS = NO;
				SWIFT_VERSION = 5.0;
				TARGETED_DEVICE_FAMILY = "1,2";
				TEST_TARGET_NAME = Droptick;
			};
			name = Release;
		};
/* End XCBuildConfiguration section */

/* Begin XCConfigurationList section */
		B1CE7424291FEED6002C7086 /* Build configuration list for PBXProject "Droptick" */ = {
			isa = XCConfigurationList;
			buildConfigurations = (
				B1CE7451291FEED9002C7086 /* Debug */,
				B1CE7452291FEED9002C7086 /* Release */,
			);
			defaultConfigurationIsVisible = 0;
			defaultConfigurationName = Release;
		};
		B1CE7453291FEED9002C7086 /* Build configuration list for PBXNativeTarget "Droptick" */ = {
			isa = XCConfigurationList;
			buildConfigurations = (
				B1CE7454291FEED9002C7086 /* Debug */,
				B1CE7455291FEED9002C7086 /* Release */,
			);
			defaultConfigurationIsVisible = 0;
			defaultConfigurationName = Release;
		};
		B1CE7456291FEED9002C7086 /* Build configuration list for PBXNativeTarget "DroptickTests" */ = {
			isa = XCConfigurationList;
			buildConfigurations = (
				B1CE7457291FEED9002C7086 /* Debug */,
				B1CE7458291FEED9002C7086 /* Release */,
			);
			defaultConfigurationIsVisible = 0;
			defaultConfigurationName = Release;
		};
		B1CE7459291FEED9002C7086 /* Build configuration list for PBXNativeTarget "DroptickUITests" */ = {
			isa = XCConfigurationList;
			buildConfigurations = (
				B1CE745A291FEED9002C7086 /* Debug */,
				B1CE745B291FEED9002C7086 /* Release */,
			);
			defaultConfigurationIsVisible = 0;
			defaultConfigurationName = Release;
		};
/* End XCConfigurationList section */

/* Begin XCVersionGroup section */
		B1CE7430291FEED6002C7086 /* Droptick.xcdatamodeld */ = {
			isa = XCVersionGroup;
			children = (
				B1CE7431291FEED6002C7086 /* Droptick.xcdatamodel */,
			);
			currentVersion = B1CE7431291FEED6002C7086 /* Droptick.xcdatamodel */;
			path = Droptick.xcdatamodeld;
			sourceTree = "<group>";
			versionGroupType = wrapper.xcdatamodel;
		};
/* End XCVersionGroup section */
	};
	rootObject = B1CE7421291FEED6002C7086 /* Project object */;
}
